
Microsoft Visual Studio Solution File, Format Version 12.00
# Visual Studio 14
VisualStudioVersion = 14.0.25420.1
MinimumVisualStudioVersion = 10.0.40219.1
Project("{FAE04EC0-301F-11D3-BF4B-00C04F79EFBC}") = "BumYoungTools", "BumYoungTools\BumYoungTools.csproj", "{E4FC0830-FD48-4A91-91FF-E88D8BD298B2}"
EndProject
Project("{FAE04EC0-301F-11D3-BF4B-00C04F79EFBC}") = "BumYoungTest", "BumYoungTest\BumYoungTest.csproj", "{900DC67D-8277-4908-B04D-ECBFE235960E}"
EndProject
Global
	GlobalSection(SolutionConfigurationPlatforms) = preSolution
		Debug|Any CPU = Debug|Any CPU
		Release|Any CPU = Release|Any CPU
	EndGlobalSection
	GlobalSection(ProjectConfigurationPlatforms) = postSolution
		{E4FC0830-FD48-4A91-91FF-E88D8BD298B2}.Debug|Any CPU.ActiveCfg = Debug|Any CPU
		{E4FC0830-FD48-4A91-91FF-E88D8BD298B2}.Debug|Any CPU.Build.0 = Debug|Any CPU
		{E4FC0830-FD48-4A91-91FF-E88D8BD298B2}.Release|Any CPU.ActiveCfg = Release|Any CPU
		{E4FC0830-FD48-4A91-91FF-E88D8BD298B2}.Release|Any CPU.Build.0 = Release|Any CPU
		{900DC67D-8277-4908-B04D-ECBFE235960E}.Debug|Any CPU.ActiveCfg = Debug|Any CPU
		{900DC67D-8277-4908-B04D-ECBFE235960E}.Debug|Any CPU.Build.0 = Debug|Any CPU
		{900DC67D-8277-4908-B04D-ECBFE235960E}.Release|Any CPU.ActiveCfg = Release|Any CPU
		{900DC67D-8277-4908-B04D-ECBFE235960E}.Release|Any CPU.Build.0 = Release|Any CPU
	EndGlobalSection
	GlobalSection(SolutionProperties) = preSolution
		HideSolutionNode = FALSE
	EndGlobalSection
EndGlobal
